
Microsoft Visual Studio Solution File, Format Version 12.00
# Visual Studio Version 17
VisualStudioVersion = 17.5.33424.131
MinimumVisualStudioVersion = 10.0.40219.1
Project("{8BC9CEB8-8B4A-11D0-8D11-00A0C91BC942}") = "C++ Functions and the void Type", "C++ Functions and the void Type\C++ Functions and the void Type.vcxproj", "{ED74104C-6F2B-4B26-8429-AB6D293BDA0E}"
EndProject
Global
	GlobalSection(SolutionConfigurationPlatforms) = preSolution
		Debug|x64 = Debug|x64
		Debug|x86 = Debug|x86
		Release|x64 = Release|x64
		Release|x86 = Release|x86
	EndGlobalSection
	GlobalSection(ProjectConfigurationPlatforms) = postSolution
		{ED74104C-6F2B-4B26-8429-AB6D293BDA0E}.Debug|x64.ActiveCfg = Debug|x64
		{ED74104C-6F2B-4B26-8429-AB6D293BDA0E}.Debug|x64.Build.0 = Debug|x64
		{ED74104C-6F2B-4B26-8429-AB6D293BDA0E}.Debug|x86.ActiveCfg = Debug|Win32
		{ED74104C-6F2B-4B26-8429-AB6D293BDA0E}.Debug|x86.Build.0 = Debug|Win32
		{ED74104C-6F2B-4B26-8429-AB6D293BDA0E}.Release|x64.ActiveCfg = Release|x64
		{ED74104C-6F2B-4B26-8429-AB6D293BDA0E}.Release|x64.Build.0 = Release|x64
		{ED74104C-6F2B-4B26-8429-AB6D293BDA0E}.Release|x86.ActiveCfg = Release|Win32
		{ED74104C-6F2B-4B26-8429-AB6D293BDA0E}.Release|x86.Build.0 = Release|Win32
	EndGlobalSection
	GlobalSection(SolutionProperties) = preSolution
		HideSolutionNode = FALSE
	EndGlobalSection
	GlobalSection(ExtensibilityGlobals) = postSolution
		SolutionGuid = {6F65350F-6F6B-407E-B3B5-996D5D3C4195}
	EndGlobalSection
EndGlobal
