
Microsoft Visual Studio Solution File, Format Version 12.00
# Visual Studio Version 17
VisualStudioVersion = 17.5.33424.131
MinimumVisualStudioVersion = 10.0.40219.1
Project("{8BC9CEB8-8B4A-11D0-8D11-00A0C91BC942}") = "Interger Types", "Interger Types\Interger Types.vcxproj", "{26F69895-2C92-40CB-871E-90B471CB44A7}"
EndProject
Global
	GlobalSection(SolutionConfigurationPlatforms) = preSolution
		Debug|x64 = Debug|x64
		Debug|x86 = Debug|x86
		Release|x64 = Release|x64
		Release|x86 = Release|x86
	EndGlobalSection
	GlobalSection(ProjectConfigurationPlatforms) = postSolution
		{26F69895-2C92-40CB-871E-90B471CB44A7}.Debug|x64.ActiveCfg = Debug|x64
		{26F69895-2C92-40CB-871E-90B471CB44A7}.Debug|x64.Build.0 = Debug|x64
		{26F69895-2C92-40CB-871E-90B471CB44A7}.Debug|x86.ActiveCfg = Debug|Win32
		{26F69895-2C92-40CB-871E-90B471CB44A7}.Debug|x86.Build.0 = Debug|Win32
		{26F69895-2C92-40CB-871E-90B471CB44A7}.Release|x64.ActiveCfg = Release|x64
		{26F69895-2C92-40CB-871E-90B471CB44A7}.Release|x64.Build.0 = Release|x64
		{26F69895-2C92-40CB-871E-90B471CB44A7}.Release|x86.ActiveCfg = Release|Win32
		{26F69895-2C92-40CB-871E-90B471CB44A7}.Release|x86.Build.0 = Release|Win32
	EndGlobalSection
	GlobalSection(SolutionProperties) = preSolution
		HideSolutionNode = FALSE
	EndGlobalSection
	GlobalSection(ExtensibilityGlobals) = postSolution
		SolutionGuid = {6231163C-CD27-4FDE-ADF4-C79AF656A4AC}
	EndGlobalSection
EndGlobal
